{
  "name": "hello-transmute-js",
  "lockfileVersion": 3,
  "requires": true,
  "packages": {
    "": {
      "name": "hello-transmute-js",
      "dependencies": {
        "transmute": "file:../../../packages/javascript"
      }
    },
    "../../../packages/javascript": {
      "name": "transmute",
      "version": "0.1.0",
      "license": "MIT",
      "engines": {
        "node": ">=18"
      }
    },
    "node_modules/transmute": {
      "resolved": "../../../packages/javascript",
      "link": true
    }
  }
}
